// !$*UTF8*$!
{
	archiveVersion = 1;
	classes = {
	};
	objectVersion = 51;
	objects = {

/* Begin PBXBuildFile section */
		16BB609EB39301964E989442 /* Pods_AISwiftDemo.framework in Frameworks */ = {isa = PBXBuildFile; fileRef = 636B37FD70B2B326FB1CA967 /* Pods_AISwiftDemo.framework */; };
		4502BD2326B2418900A348A0 /* swiftgen.yml in Resources */ = {isa = PBXBuildFile; fileRef = 4502BD2226B2418900A348A0 /* swiftgen.yml */; };
		451022AD26DCAD610046F24D /* AICompatible.swift in Sources */ = {isa = PBXBuildFile; fileRef = 4510229F26DCAD610046F24D /* AICompatible.swift */; };
		451022AE26DCAD610046F24D /* DebugPresenter.swift in Sources */ = {isa = PBXBuildFile; fileRef = 451022A126DCAD610046F24D /* DebugPresenter.swift */; };
		451022AF26DCAD610046F24D /* DebugPresenterProtocol.swift in Sources */ = {isa = PBXBuildFile; fileRef = 451022A226DCAD610046F24D /* DebugPresenterProtocol.swift */; };
		451022B026DCAD610046F24D /* AIDebugLog.swift in Sources */ = {isa = PBXBuildFile; fileRef = 451022A326DCAD610046F24D /* AIDebugLog.swift */; };
		451022B126DCAD610046F24D /* DebugViewController.xib in Resources */ = {isa = PBXBuildFile; fileRef = 451022A526DCAD610046F24D /* DebugViewController.xib */; };
		451022B226DCAD610046F24D /* DebugLocalFileViewController.swift in Sources */ = {isa = PBXBuildFile; fileRef = 451022A626DCAD610046F24D /* DebugLocalFileViewController.swift */; };
		451022B326DCAD610046F24D /* DebugLogFileListViewController.swift in Sources */ = {isa = PBXBuildFile; fileRef = 451022A726DCAD610046F24D /* DebugLogFileListViewController.swift */; };
		451022B426DCAD610046F24D /* DebugViewController.swift in Sources */ = {isa = PBXBuildFile; fileRef = 451022A826DCAD610046F24D /* DebugViewController.swift */; };
		451022B526DCAD610046F24D /* DebugViewType.swift in Sources */ = {isa = PBXBuildFile; fileRef = 451022A926DCAD610046F24D /* DebugViewType.swift */; };
		451022B626DCAD610046F24D /* DebugRouter.swift in Sources */ = {isa = PBXBuildFile; fileRef = 451022AB26DCAD610046F24D /* DebugRouter.swift */; };
		451022B726DCAD610046F24D /* DebugEnum.swift in Sources */ = {isa = PBXBuildFile; fileRef = 451022AC26DCAD610046F24D /* DebugEnum.swift */; };
		451022B926DCAE630046F24D /* ViewControllerEnum.swift in Sources */ = {isa = PBXBuildFile; fileRef = 451022B826DCAE630046F24D /* ViewControllerEnum.swift */; };
		4570FB1126EDA12200401D67 /* .swiftformat in Resources */ = {isa = PBXBuildFile; fileRef = 4570FB1026EDA12200401D67 /* .swiftformat */; };
		4586712F265A8DBC00FDA592 /* AppDelegate.swift in Sources */ = {isa = PBXBuildFile; fileRef = 4586712E265A8DBC00FDA592 /* AppDelegate.swift */; };
		45867136265A8DBC00FDA592 /* Main.storyboard in Resources */ = {isa = PBXBuildFile; fileRef = 45867134265A8DBC00FDA592 /* Main.storyboard */; };
		45867138265A8DBD00FDA592 /* Assets.xcassets in Resources */ = {isa = PBXBuildFile; fileRef = 45867137265A8DBD00FDA592 /* Assets.xcassets */; };
		4586713B265A8DBD00FDA592 /* LaunchScreen.storyboard in Resources */ = {isa = PBXBuildFile; fileRef = 45867139265A8DBD00FDA592 /* LaunchScreen.storyboard */; };
		45867146265A8DBD00FDA592 /* AISwiftDemoTests.swift in Sources */ = {isa = PBXBuildFile; fileRef = 45867145265A8DBD00FDA592 /* AISwiftDemoTests.swift */; };
		45867151265A8DBD00FDA592 /* AISwiftDemoUITests.swift in Sources */ = {isa = PBXBuildFile; fileRef = 45867150265A8DBD00FDA592 /* AISwiftDemoUITests.swift */; };
		45C712BB26DCC98C001DA687 /* DebugInteractor.swift in Sources */ = {isa = PBXBuildFile; fileRef = 45C712BA26DCC98C001DA687 /* DebugInteractor.swift */; };
		45C712BD26DCD58E001DA687 /* DebugInteractorType.swift in Sources */ = {isa = PBXBuildFile; fileRef = 45C712BC26DCD58E001DA687 /* DebugInteractorType.swift */; };
		45D425DB26CD002400FAA2F8 /* MainPresenter.swift in Sources */ = {isa = PBXBuildFile; fileRef = 45D425DA26CD002400FAA2F8 /* MainPresenter.swift */; };
		45D425DD26CD004A00FAA2F8 /* MainPresenterProtocol.swift in Sources */ = {isa = PBXBuildFile; fileRef = 45D425DC26CD004A00FAA2F8 /* MainPresenterProtocol.swift */; };
		45ECD2E52696CCED00F75B26 /* Localizable.strings in Resources */ = {isa = PBXBuildFile; fileRef = 45ECD2E72696CCED00F75B26 /* Localizable.strings */; };
		45ECD3392697F2F900F75B26 /* ConfigureModel.swift in Sources */ = {isa = PBXBuildFile; fileRef = 45ECD3382697F2F900F75B26 /* ConfigureModel.swift */; };
		45ECD33A2697F2F900F75B26 /* ConfigureModel.swift in Sources */ = {isa = PBXBuildFile; fileRef = 45ECD3382697F2F900F75B26 /* ConfigureModel.swift */; };
		45ECD33B2697F2F900F75B26 /* ConfigureModel.swift in Sources */ = {isa = PBXBuildFile; fileRef = 45ECD3382697F2F900F75B26 /* ConfigureModel.swift */; };
		45ECD34326981E3E00F75B26 /* MainRouter.swift in Sources */ = {isa = PBXBuildFile; fileRef = 45ECD34226981E3E00F75B26 /* MainRouter.swift */; };
		45ECD3472698257A00F75B26 /* MainViewController.swift in Sources */ = {isa = PBXBuildFile; fileRef = 45ECD3462698257A00F75B26 /* MainViewController.swift */; };
		45ECD34B2698263E00F75B26 /* MyProfileViewController.swift in Sources */ = {isa = PBXBuildFile; fileRef = 45ECD34A2698263E00F75B26 /* MyProfileViewController.swift */; };
		45ECD34D269826AF00F75B26 /* MyProfileBaseViewController.swift in Sources */ = {isa = PBXBuildFile; fileRef = 45ECD34C269826AF00F75B26 /* MyProfileBaseViewController.swift */; };
		45ECD34F26982B4700F75B26 /* MyProfileViewEnum.swift in Sources */ = {isa = PBXBuildFile; fileRef = 45ECD34E26982B4700F75B26 /* MyProfileViewEnum.swift */; };
		45ECD35126982BD300F75B26 /* MainFlowViewEnum.swift in Sources */ = {isa = PBXBuildFile; fileRef = 45ECD35026982BD300F75B26 /* MainFlowViewEnum.swift */; };
		45F57ED826B38F0C00D926E0 /* Colors.xcassets in Resources */ = {isa = PBXBuildFile; fileRef = 45F57ED726B38F0C00D926E0 /* Colors.xcassets */; };
		45F57EDA26B391B800D926E0 /* Assets.swift in Sources */ = {isa = PBXBuildFile; fileRef = 45F57ED926B391B800D926E0 /* Assets.swift */; };
		45F57EDD26B3955900D926E0 /* Strings.swift in Sources */ = {isa = PBXBuildFile; fileRef = 45F57EDC26B3955900D926E0 /* Strings.swift */; };
		45F57EF126B399D400D926E0 /* .rubocop.yml in Resources */ = {isa = PBXBuildFile; fileRef = 45F57EF026B399D400D926E0 /* .rubocop.yml */; };
		45F57EF526B39CFF00D926E0 /* HomeViewController.swift in Sources */ = {isa = PBXBuildFile; fileRef = 45F57EF426B39CFF00D926E0 /* HomeViewController.swift */; };
		45F57EF726B39D2F00D926E0 /* HomeBaseViewController.swift in Sources */ = {isa = PBXBuildFile; fileRef = 45F57EF626B39D2F00D926E0 /* HomeBaseViewController.swift */; };
/* End PBXBuildFile section */

/* Begin PBXContainerItemProxy section */
		45867142265A8DBD00FDA592 /* PBXContainerItemProxy */ = {
			isa = PBXContainerItemProxy;
			containerPortal = 45867123265A8DBC00FDA592 /* Project object */;
			proxyType = 1;
			remoteGlobalIDString = 4586712A265A8DBC00FDA592;
			remoteInfo = AISwiftDemo;
		};
		4586714D265A8DBD00FDA592 /* PBXContainerItemProxy */ = {
			isa = PBXContainerItemProxy;
			containerPortal = 45867123265A8DBC00FDA592 /* Project object */;
			proxyType = 1;
			remoteGlobalIDString = 4586712A265A8DBC00FDA592;
			remoteInfo = AISwiftDemo;
		};
/* End PBXContainerItemProxy section */

/* Begin PBXFileReference section */
		4502BD2226B2418900A348A0 /* swiftgen.yml */ = {isa = PBXFileReference; fileEncoding = 4; lastKnownFileType = text.yaml; path = swiftgen.yml; sourceTree = SOURCE_ROOT; };
		4510229F26DCAD610046F24D /* AICompatible.swift */ = {isa = PBXFileReference; fileEncoding = 4; lastKnownFileType = sourcecode.swift; path = AICompatible.swift; sourceTree = "<group>"; };
		451022A126DCAD610046F24D /* DebugPresenter.swift */ = {isa = PBXFileReference; fileEncoding = 4; lastKnownFileType = sourcecode.swift; path = DebugPresenter.swift; sourceTree = "<group>"; };
		451022A226DCAD610046F24D /* DebugPresenterProtocol.swift */ = {isa = PBXFileReference; fileEncoding = 4; lastKnownFileType = sourcecode.swift; path = DebugPresenterProtocol.swift; sourceTree = "<group>"; };
		451022A326DCAD610046F24D /* AIDebugLog.swift */ = {isa = PBXFileReference; fileEncoding = 4; lastKnownFileType = sourcecode.swift; path = AIDebugLog.swift; sourceTree = "<group>"; };
		451022A526DCAD610046F24D /* DebugViewController.xib */ = {isa = PBXFileReference; fileEncoding = 4; lastKnownFileType = file.xib; path = DebugViewController.xib; sourceTree = "<group>"; };
		451022A626DCAD610046F24D /* DebugLocalFileViewController.swift */ = {isa = PBXFileReference; fileEncoding = 4; lastKnownFileType = sourcecode.swift; path = DebugLocalFileViewController.swift; sourceTree = "<group>"; };
		451022A726DCAD610046F24D /* DebugLogFileListViewController.swift */ = {isa = PBXFileReference; fileEncoding = 4; lastKnownFileType = sourcecode.swift; path = DebugLogFileListViewController.swift; sourceTree = "<group>"; };
		451022A826DCAD610046F24D /* DebugViewController.swift */ = {isa = PBXFileReference; fileEncoding = 4; lastKnownFileType = sourcecode.swift; path = DebugViewController.swift; sourceTree = "<group>"; };
		451022A926DCAD610046F24D /* DebugViewType.swift */ = {isa = PBXFileReference; fileEncoding = 4; lastKnownFileType = sourcecode.swift; path = DebugViewType.swift; sourceTree = "<group>"; };
		451022AB26DCAD610046F24D /* DebugRouter.swift */ = {isa = PBXFileReference; fileEncoding = 4; lastKnownFileType = sourcecode.swift; path = DebugRouter.swift; sourceTree = "<group>"; };
		451022AC26DCAD610046F24D /* DebugEnum.swift */ = {isa = PBXFileReference; fileEncoding = 4; lastKnownFileType = sourcecode.swift; path = DebugEnum.swift; sourceTree = "<group>"; };
		451022B826DCAE630046F24D /* ViewControllerEnum.swift */ = {isa = PBXFileReference; fileEncoding = 4; lastKnownFileType = sourcecode.swift; path = ViewControllerEnum.swift; sourceTree = "<group>"; };
		4570FB1026EDA12200401D67 /* .swiftformat */ = {isa = PBXFileReference; fileEncoding = 4; lastKnownFileType = text; path = .swiftformat; sourceTree = SOURCE_ROOT; };
		4586712B265A8DBC00FDA592 /* AISwiftDemo.app */ = {isa = PBXFileReference; explicitFileType = wrapper.application; includeInIndex = 0; path = AISwiftDemo.app; sourceTree = BUILT_PRODUCTS_DIR; };
		4586712E265A8DBC00FDA592 /* AppDelegate.swift */ = {isa = PBXFileReference; lastKnownFileType = sourcecode.swift; path = AppDelegate.swift; sourceTree = "<group>"; };
		45867135265A8DBC00FDA592 /* Base */ = {isa = PBXFileReference; lastKnownFileType = file.storyboard; name = Base; path = Base.lproj/Main.storyboard; sourceTree = "<group>"; };
		45867137265A8DBD00FDA592 /* Assets.xcassets */ = {isa = PBXFileReference; lastKnownFileType = folder.assetcatalog; path = Assets.xcassets; sourceTree = "<group>"; };
		4586713A265A8DBD00FDA592 /* Base */ = {isa = PBXFileReference; lastKnownFileType = file.storyboard; name = Base; path = Base.lproj/LaunchScreen.storyboard; sourceTree = "<group>"; };
		4586713C265A8DBD00FDA592 /* Info.plist */ = {isa = PBXFileReference; lastKnownFileType = text.plist.xml; path = Info.plist; sourceTree = "<group>"; };
		45867141265A8DBD00FDA592 /* AISwiftDemoTests.xctest */ = {isa = PBXFileReference; explicitFileType = wrapper.cfbundle; includeInIndex = 0; path = AISwiftDemoTests.xctest; sourceTree = BUILT_PRODUCTS_DIR; };
		45867145265A8DBD00FDA592 /* AISwiftDemoTests.swift */ = {isa = PBXFileReference; lastKnownFileType = sourcecode.swift; path = AISwiftDemoTests.swift; sourceTree = "<group>"; };
		45867147265A8DBD00FDA592 /* Info.plist */ = {isa = PBXFileReference; lastKnownFileType = text.plist.xml; path = Info.plist; sourceTree = "<group>"; };
		4586714C265A8DBD00FDA592 /* AISwiftDemoUITests.xctest */ = {isa = PBXFileReference; explicitFileType = wrapper.cfbundle; includeInIndex = 0; path = AISwiftDemoUITests.xctest; sourceTree = BUILT_PRODUCTS_DIR; };
		45867150265A8DBD00FDA592 /* AISwiftDemoUITests.swift */ = {isa = PBXFileReference; lastKnownFileType = sourcecode.swift; path = AISwiftDemoUITests.swift; sourceTree = "<group>"; };
		45867152265A8DBD00FDA592 /* Info.plist */ = {isa = PBXFileReference; lastKnownFileType = text.plist.xml; path = Info.plist; sourceTree = "<group>"; };
		45C712BA26DCC98C001DA687 /* DebugInteractor.swift */ = {isa = PBXFileReference; lastKnownFileType = sourcecode.swift; path = DebugInteractor.swift; sourceTree = "<group>"; };
		45C712BC26DCD58E001DA687 /* DebugInteractorType.swift */ = {isa = PBXFileReference; lastKnownFileType = sourcecode.swift; path = DebugInteractorType.swift; sourceTree = "<group>"; };
		45D425DA26CD002400FAA2F8 /* MainPresenter.swift */ = {isa = PBXFileReference; lastKnownFileType = sourcecode.swift; path = MainPresenter.swift; sourceTree = "<group>"; };
		45D425DC26CD004A00FAA2F8 /* MainPresenterProtocol.swift */ = {isa = PBXFileReference; lastKnownFileType = sourcecode.swift; path = MainPresenterProtocol.swift; sourceTree = "<group>"; };
		45ECD2E12696A75100F75B26 /* zh-Hans */ = {isa = PBXFileReference; lastKnownFileType = text.plist.strings; name = "zh-Hans"; path = "zh-Hans.lproj/Main.strings"; sourceTree = "<group>"; };
		45ECD2E22696A75100F75B26 /* zh-Hans */ = {isa = PBXFileReference; lastKnownFileType = text.plist.strings; name = "zh-Hans"; path = "zh-Hans.lproj/LaunchScreen.strings"; sourceTree = "<group>"; };
		45ECD2E62696CCED00F75B26 /* en */ = {isa = PBXFileReference; lastKnownFileType = text.plist.strings; name = en; path = en.lproj/Localizable.strings; sourceTree = "<group>"; };
		45ECD2E82696CD1E00F75B26 /* zh-Hans */ = {isa = PBXFileReference; lastKnownFileType = text.plist.strings; name = "zh-Hans"; path = "zh-Hans.lproj/Localizable.strings"; sourceTree = "<group>"; };
		45ECD2F02697F2F100F75B26 /* Configuration.plist */ = {isa = PBXFileReference; fileEncoding = 4; lastKnownFileType = text.plist.xml; path = Configuration.plist; sourceTree = "<group>"; };
		45ECD2FA2697F2F100F75B26 /* Configuration.plist */ = {isa = PBXFileReference; fileEncoding = 4; lastKnownFileType = text.plist.xml; path = Configuration.plist; sourceTree = "<group>"; };
		45ECD3382697F2F900F75B26 /* ConfigureModel.swift */ = {isa = PBXFileReference; fileEncoding = 4; lastKnownFileType = sourcecode.swift; path = ConfigureModel.swift; sourceTree = "<group>"; };
		45ECD34226981E3E00F75B26 /* MainRouter.swift */ = {isa = PBXFileReference; lastKnownFileType = sourcecode.swift; path = MainRouter.swift; sourceTree = "<group>"; };
		45ECD3462698257A00F75B26 /* MainViewController.swift */ = {isa = PBXFileReference; lastKnownFileType = sourcecode.swift; path = MainViewController.swift; sourceTree = "<group>"; };
		45ECD34A2698263E00F75B26 /* MyProfileViewController.swift */ = {isa = PBXFileReference; lastKnownFileType = sourcecode.swift; path = MyProfileViewController.swift; sourceTree = "<group>"; };
		45ECD34C269826AF00F75B26 /* MyProfileBaseViewController.swift */ = {isa = PBXFileReference; lastKnownFileType = sourcecode.swift; path = MyProfileBaseViewController.swift; sourceTree = "<group>"; };
		45ECD34E26982B4700F75B26 /* MyProfileViewEnum.swift */ = {isa = PBXFileReference; lastKnownFileType = sourcecode.swift; path = MyProfileViewEnum.swift; sourceTree = "<group>"; };
		45ECD35026982BD300F75B26 /* MainFlowViewEnum.swift */ = {isa = PBXFileReference; lastKnownFileType = sourcecode.swift; path = MainFlowViewEnum.swift; sourceTree = "<group>"; };
		45F57ED726B38F0C00D926E0 /* Colors.xcassets */ = {isa = PBXFileReference; lastKnownFileType = folder.assetcatalog; path = Colors.xcassets; sourceTree = "<group>"; };
		45F57ED926B391B800D926E0 /* Assets.swift */ = {isa = PBXFileReference; fileEncoding = 4; lastKnownFileType = sourcecode.swift; path = Assets.swift; sourceTree = "<group>"; };
		45F57EDB26B3942A00D926E0 /* .swiftlint.yml */ = {isa = PBXFileReference; lastKnownFileType = text.yaml; path = .swiftlint.yml; sourceTree = SOURCE_ROOT; };
		45F57EDC26B3955900D926E0 /* Strings.swift */ = {isa = PBXFileReference; fileEncoding = 4; lastKnownFileType = sourcecode.swift; path = Strings.swift; sourceTree = "<group>"; };
		45F57EF026B399D400D926E0 /* .rubocop.yml */ = {isa = PBXFileReference; fileEncoding = 4; lastKnownFileType = text.yaml; path = .rubocop.yml; sourceTree = SOURCE_ROOT; };
		45F57EF426B39CFF00D926E0 /* HomeViewController.swift */ = {isa = PBXFileReference; lastKnownFileType = sourcecode.swift; path = HomeViewController.swift; sourceTree = "<group>"; };
		45F57EF626B39D2F00D926E0 /* HomeBaseViewController.swift */ = {isa = PBXFileReference; lastKnownFileType = sourcecode.swift; path = HomeBaseViewController.swift; sourceTree = "<group>"; };
		636B37FD70B2B326FB1CA967 /* Pods_AISwiftDemo.framework */ = {isa = PBXFileReference; explicitFileType = wrapper.framework; includeInIndex = 0; path = Pods_AISwiftDemo.framework; sourceTree = BUILT_PRODUCTS_DIR; };
		BE9DE93B07C00C7A90CB63BD /* Pods-AISwiftDemo.debug.xcconfig */ = {isa = PBXFileReference; includeInIndex = 1; lastKnownFileType = text.xcconfig; name = "Pods-AISwiftDemo.debug.xcconfig"; path = "Target Support Files/Pods-AISwiftDemo/Pods-AISwiftDemo.debug.xcconfig"; sourceTree = "<group>"; };
		F416205A6B526F49E72EA5A8 /* Pods-AISwiftDemo.release.xcconfig */ = {isa = PBXFileReference; includeInIndex = 1; lastKnownFileType = text.xcconfig; name = "Pods-AISwiftDemo.release.xcconfig"; path = "Target Support Files/Pods-AISwiftDemo/Pods-AISwiftDemo.release.xcconfig"; sourceTree = "<group>"; };
/* End PBXFileReference section */

/* Begin PBXFrameworksBuildPhase section */
		45867128265A8DBC00FDA592 /* Frameworks */ = {
			isa = PBXFrameworksBuildPhase;
			buildActionMask = 2147483647;
			files = (
				16BB609EB39301964E989442 /* Pods_AISwiftDemo.framework in Frameworks */,
			);
			runOnlyForDeploymentPostprocessing = 0;
		};
		4586713E265A8DBD00FDA592 /* Frameworks */ = {
			isa = PBXFrameworksBuildPhase;
			buildActionMask = 2147483647;
			files = (
			);
			runOnlyForDeploymentPostprocessing = 0;
		};
		45867149265A8DBD00FDA592 /* Frameworks */ = {
			isa = PBXFrameworksBuildPhase;
			buildActionMask = 2147483647;
			files = (
			);
			runOnlyForDeploymentPostprocessing = 0;
		};
/* End PBXFrameworksBuildPhase section */

/* Begin PBXGroup section */
		4510229E26DCAD610046F24D /* Debug */ = {
			isa = PBXGroup;
			children = (
				45C712B926DCC937001DA687 /* Interactor */,
				4510229F26DCAD610046F24D /* AICompatible.swift */,
				451022A326DCAD610046F24D /* AIDebugLog.swift */,
				451022A026DCAD610046F24D /* Presenter */,
				451022A426DCAD610046F24D /* View */,
				451022AA26DCAD610046F24D /* Router */,
			);
			path = Debug;
			sourceTree = "<group>";
		};
		451022A026DCAD610046F24D /* Presenter */ = {
			isa = PBXGroup;
			children = (
				451022A126DCAD610046F24D /* DebugPresenter.swift */,
				451022A226DCAD610046F24D /* DebugPresenterProtocol.swift */,
			);
			path = Presenter;
			sourceTree = "<group>";
		};
		451022A426DCAD610046F24D /* View */ = {
			isa = PBXGroup;
			children = (
				451022A526DCAD610046F24D /* DebugViewController.xib */,
				451022A626DCAD610046F24D /* DebugLocalFileViewController.swift */,
				451022A726DCAD610046F24D /* DebugLogFileListViewController.swift */,
				451022A826DCAD610046F24D /* DebugViewController.swift */,
				451022A926DCAD610046F24D /* DebugViewType.swift */,
			);
			path = View;
			sourceTree = "<group>";
		};
		451022AA26DCAD610046F24D /* Router */ = {
			isa = PBXGroup;
			children = (
				451022AB26DCAD610046F24D /* DebugRouter.swift */,
				451022AC26DCAD610046F24D /* DebugEnum.swift */,
			);
			path = Router;
			sourceTree = "<group>";
		};
		451022BA26DCAF8C0046F24D /* Modules */ = {
			isa = PBXGroup;
			children = (
				45F57EF226B39CD400D926E0 /* Home */,
				45ECD348269825FB00F75B26 /* MyProfile */,
			);
			path = Modules;
			sourceTree = "<group>";
		};
		45867122265A8DBC00FDA592 = {
			isa = PBXGroup;
			children = (
				4586712D265A8DBC00FDA592 /* AISwiftDemo */,
				45867144265A8DBD00FDA592 /* AISwiftDemoTests */,
				4586714F265A8DBD00FDA592 /* AISwiftDemoUITests */,
				4586712C265A8DBC00FDA592 /* Products */,
				4B1C6D4CDC9CCAD486EBBEE9 /* Pods */,
				6340BD41493C54989E691EA3 /* Frameworks */,
			);
			sourceTree = "<group>";
		};
		4586712C265A8DBC00FDA592 /* Products */ = {
			isa = PBXGroup;
			children = (
				4586712B265A8DBC00FDA592 /* AISwiftDemo.app */,
				45867141265A8DBD00FDA592 /* AISwiftDemoTests.xctest */,
				4586714C265A8DBD00FDA592 /* AISwiftDemoUITests.xctest */,
			);
			name = Products;
			sourceTree = "<group>";
		};
		4586712D265A8DBC00FDA592 /* AISwiftDemo */ = {
			isa = PBXGroup;
			children = (
				451022BA26DCAF8C0046F24D /* Modules */,
				45ECD34426981E6E00F75B26 /* MainFlow */,
				45ECD2EC2696E66700F75B26 /* DataBase */,
				4510229E26DCAD610046F24D /* Debug */,
				45ECD2EA2696E5DF00F75B26 /* Configures */,
				45ECD2ED2696EA3700F75B26 /* SupportFile */,
				4586712E265A8DBC00FDA592 /* AppDelegate.swift */,
				4586713C265A8DBD00FDA592 /* Info.plist */,
			);
			path = AISwiftDemo;
			sourceTree = "<group>";
		};
		45867144265A8DBD00FDA592 /* AISwiftDemoTests */ = {
			isa = PBXGroup;
			children = (
				45867145265A8DBD00FDA592 /* AISwiftDemoTests.swift */,
				45867147265A8DBD00FDA592 /* Info.plist */,
			);
			path = AISwiftDemoTests;
			sourceTree = "<group>";
		};
		4586714F265A8DBD00FDA592 /* AISwiftDemoUITests */ = {
			isa = PBXGroup;
			children = (
				45867150265A8DBD00FDA592 /* AISwiftDemoUITests.swift */,
				45867152265A8DBD00FDA592 /* Info.plist */,
			);
			path = AISwiftDemoUITests;
			sourceTree = "<group>";
		};
		45C712B926DCC937001DA687 /* Interactor */ = {
			isa = PBXGroup;
			children = (
				45C712BA26DCC98C001DA687 /* DebugInteractor.swift */,
				45C712BC26DCD58E001DA687 /* DebugInteractorType.swift */,
			);
			path = Interactor;
			sourceTree = "<group>";
		};
		45D425D926CCFFFC00FAA2F8 /* Presenter */ = {
			isa = PBXGroup;
			children = (
				45D425DA26CD002400FAA2F8 /* MainPresenter.swift */,
				45D425DC26CD004A00FAA2F8 /* MainPresenterProtocol.swift */,
			);
			path = Presenter;
			sourceTree = "<group>";
		};
		45D425DE26CD00B200FAA2F8 /* Interactor */ = {
			isa = PBXGroup;
			children = (
			);
			path = Interactor;
			sourceTree = "<group>";
		};
		45ECD2EA2696E5DF00F75B26 /* Configures */ = {
			isa = PBXGroup;
			children = (
				45ECD3382697F2F900F75B26 /* ConfigureModel.swift */,
				45ECD2EE2697F2F100F75B26 /* Debug */,
				45ECD2F82697F2F100F75B26 /* Release */,
			);
			path = Configures;
			sourceTree = "<group>";
		};
		45ECD2EC2696E66700F75B26 /* DataBase */ = {
			isa = PBXGroup;
			children = (
			);
			path = DataBase;
			sourceTree = "<group>";
		};
		45ECD2ED2696EA3700F75B26 /* SupportFile */ = {
			isa = PBXGroup;
			children = (
				45F57ED226B3836C00D926E0 /* SwiftGen */,
				4502BD2226B2418900A348A0 /* swiftgen.yml */,
				4570FB1026EDA12200401D67 /* .swiftformat */,
				45F57EDB26B3942A00D926E0 /* .swiftlint.yml */,
				45F57EF026B399D400D926E0 /* .rubocop.yml */,
				45867134265A8DBC00FDA592 /* Main.storyboard */,
				45867137265A8DBD00FDA592 /* Assets.xcassets */,
				45867139265A8DBD00FDA592 /* LaunchScreen.storyboard */,
				45ECD2E72696CCED00F75B26 /* Localizable.strings */,
				45F57ED726B38F0C00D926E0 /* Colors.xcassets */,
			);
			path = SupportFile;
			sourceTree = "<group>";
		};
		45ECD2EE2697F2F100F75B26 /* Debug */ = {
			isa = PBXGroup;
			children = (
				45ECD2F02697F2F100F75B26 /* Configuration.plist */,
			);
			path = Debug;
			sourceTree = "<group>";
		};
		45ECD2F82697F2F100F75B26 /* Release */ = {
			isa = PBXGroup;
			children = (
				45ECD2FA2697F2F100F75B26 /* Configuration.plist */,
			);
			path = Release;
			sourceTree = "<group>";
		};
		45ECD34126981E0200F75B26 /* Router */ = {
			isa = PBXGroup;
			children = (
				451022B826DCAE630046F24D /* ViewControllerEnum.swift */,
				45ECD34226981E3E00F75B26 /* MainRouter.swift */,
			);
			path = Router;
			sourceTree = "<group>";
		};
		45ECD34426981E6E00F75B26 /* MainFlow */ = {
			isa = PBXGroup;
			children = (
				45D425DE26CD00B200FAA2F8 /* Interactor */,
				45D425D926CCFFFC00FAA2F8 /* Presenter */,
				45ECD34526981E8800F75B26 /* View */,
				45ECD34126981E0200F75B26 /* Router */,
			);
			path = MainFlow;
			sourceTree = "<group>";
		};
		45ECD34526981E8800F75B26 /* View */ = {
			isa = PBXGroup;
			children = (
				45ECD3462698257A00F75B26 /* MainViewController.swift */,
				45ECD35026982BD300F75B26 /* MainFlowViewEnum.swift */,
			);
			path = View;
			sourceTree = "<group>";
		};
		45ECD348269825FB00F75B26 /* MyProfile */ = {
			isa = PBXGroup;
			children = (
				45ECD3492698261B00F75B26 /* View */,
			);
			path = MyProfile;
			sourceTree = "<group>";
		};
		45ECD3492698261B00F75B26 /* View */ = {
			isa = PBXGroup;
			children = (
				45ECD34A2698263E00F75B26 /* MyProfileViewController.swift */,
				45ECD34C269826AF00F75B26 /* MyProfileBaseViewController.swift */,
				45ECD34E26982B4700F75B26 /* MyProfileViewEnum.swift */,
			);
			path = View;
			sourceTree = "<group>";
		};
		45F57ED226B3836C00D926E0 /* SwiftGen */ = {
			isa = PBXGroup;
			children = (
				45F57ED926B391B800D926E0 /* Assets.swift */,
				45F57EDC26B3955900D926E0 /* Strings.swift */,
			);
			path = SwiftGen;
			sourceTree = "<group>";
		};
		45F57EF226B39CD400D926E0 /* Home */ = {
			isa = PBXGroup;
			children = (
				45F57EF326B39CDF00D926E0 /* View */,
			);
			path = Home;
			sourceTree = "<group>";
		};
		45F57EF326B39CDF00D926E0 /* View */ = {
			isa = PBXGroup;
			children = (
				45F57EF426B39CFF00D926E0 /* HomeViewController.swift */,
				45F57EF626B39D2F00D926E0 /* HomeBaseViewController.swift */,
			);
			path = View;
			sourceTree = "<group>";
		};
		4B1C6D4CDC9CCAD486EBBEE9 /* Pods */ = {
			isa = PBXGroup;
			children = (
				BE9DE93B07C00C7A90CB63BD /* Pods-AISwiftDemo.debug.xcconfig */,
				F416205A6B526F49E72EA5A8 /* Pods-AISwiftDemo.release.xcconfig */,
			);
			path = Pods;
			sourceTree = "<group>";
		};
		6340BD41493C54989E691EA3 /* Frameworks */ = {
			isa = PBXGroup;
			children = (
				636B37FD70B2B326FB1CA967 /* Pods_AISwiftDemo.framework */,
			);
			name = Frameworks;
			sourceTree = "<group>";
		};
/* End PBXGroup section */

/* Begin PBXNativeTarget section */
		4586712A265A8DBC00FDA592 /* AISwiftDemo */ = {
			isa = PBXNativeTarget;
			buildConfigurationList = 45867155265A8DBD00FDA592 /* Build configuration list for PBXNativeTarget "AISwiftDemo" */;
			buildPhases = (
				EB36B793B276B6989316884B /* [CP] Check Pods Manifest.lock */,
				45867127265A8DBC00FDA592 /* Sources */,
				45867128265A8DBC00FDA592 /* Frameworks */,
				45867129265A8DBC00FDA592 /* Resources */,
				45ECD2E02695ABB800F75B26 /* Run Script swiftLint */,
				45ECD2E92696D07200F75B26 /* Run Script swiftGen */,
				45ECD33C2697F77100F75B26 /* Run Script configures */,
				4570FB0F26ED968800401D67 /* Run Script swiftFormat */,
				7026097BFECB218500F2D79B /* [CP] Embed Pods Frameworks */,
			);
			buildRules = (
			);
			dependencies = (
			);
			name = AISwiftDemo;
			productName = AISwiftDemo;
			productReference = 4586712B265A8DBC00FDA592 /* AISwiftDemo.app */;
			productType = "com.apple.product-type.application";
		};
		45867140265A8DBD00FDA592 /* AISwiftDemoTests */ = {
			isa = PBXNativeTarget;
			buildConfigurationList = 45867158265A8DBD00FDA592 /* Build configuration list for PBXNativeTarget "AISwiftDemoTests" */;
			buildPhases = (
				4586713D265A8DBD00FDA592 /* Sources */,
				4586713E265A8DBD00FDA592 /* Frameworks */,
				4586713F265A8DBD00FDA592 /* Resources */,
			);
			buildRules = (
			);
			dependencies = (
				45867143265A8DBD00FDA592 /* PBXTargetDependency */,
			);
			name = AISwiftDemoTests;
			productName = AISwiftDemoTests;
			productReference = 45867141265A8DBD00FDA592 /* AISwiftDemoTests.xctest */;
			productType = "com.apple.product-type.bundle.unit-test";
		};
		4586714B265A8DBD00FDA592 /* AISwiftDemoUITests */ = {
			isa = PBXNativeTarget;
			buildConfigurationList = 4586715B265A8DBD00FDA592 /* Build configuration list for PBXNativeTarget "AISwiftDemoUITests" */;
			buildPhases = (
				45867148265A8DBD00FDA592 /* Sources */,
				45867149265A8DBD00FDA592 /* Frameworks */,
				4586714A265A8DBD00FDA592 /* Resources */,
			);
			buildRules = (
			);
			dependencies = (
				4586714E265A8DBD00FDA592 /* PBXTargetDependency */,
			);
			name = AISwiftDemoUITests;
			productName = AISwiftDemoUITests;
			productReference = 4586714C265A8DBD00FDA592 /* AISwiftDemoUITests.xctest */;
			productType = "com.apple.product-type.bundle.ui-testing";
		};
/* End PBXNativeTarget section */

/* Begin PBXProject section */
		45867123265A8DBC00FDA592 /* Project object */ = {
			isa = PBXProject;
			attributes = {
				LastSwiftUpdateCheck = 1250;
				LastUpgradeCheck = 1250;
				TargetAttributes = {
					4586712A265A8DBC00FDA592 = {
						CreatedOnToolsVersion = 12.5;
					};
					45867140265A8DBD00FDA592 = {
						CreatedOnToolsVersion = 12.5;
						TestTargetID = 4586712A265A8DBC00FDA592;
					};
					4586714B265A8DBD00FDA592 = {
						CreatedOnToolsVersion = 12.5;
						TestTargetID = 4586712A265A8DBC00FDA592;
					};
				};
			};
			buildConfigurationList = 45867126265A8DBC00FDA592 /* Build configuration list for PBXProject "AISwiftDemo" */;
			compatibilityVersion = "Xcode 9.3";
			developmentRegion = en;
			hasScannedForEncodings = 0;
			knownRegions = (
				en,
				Base,
				"zh-Hans",
			);
			mainGroup = 45867122265A8DBC00FDA592;
			productRefGroup = 4586712C265A8DBC00FDA592 /* Products */;
			projectDirPath = "";
			projectRoot = "";
			targets = (
				4586712A265A8DBC00FDA592 /* AISwiftDemo */,
				45867140265A8DBD00FDA592 /* AISwiftDemoTests */,
				4586714B265A8DBD00FDA592 /* AISwiftDemoUITests */,
			);
		};
/* End PBXProject section */

/* Begin PBXResourcesBuildPhase section */
		45867129265A8DBC00FDA592 /* Resources */ = {
			isa = PBXResourcesBuildPhase;
			buildActionMask = 2147483647;
			files = (
				4586713B265A8DBD00FDA592 /* LaunchScreen.storyboard in Resources */,
				4502BD2326B2418900A348A0 /* swiftgen.yml in Resources */,
				45F57EF126B399D400D926E0 /* .rubocop.yml in Resources */,
				45ECD2E52696CCED00F75B26 /* Localizable.strings in Resources */,
				45F57ED826B38F0C00D926E0 /* Colors.xcassets in Resources */,
				45867138265A8DBD00FDA592 /* Assets.xcassets in Resources */,
				451022B126DCAD610046F24D /* DebugViewController.xib in Resources */,
				45867136265A8DBC00FDA592 /* Main.storyboard in Resources */,
				4570FB1126EDA12200401D67 /* .swiftformat in Resources */,
			);
			runOnlyForDeploymentPostprocessing = 0;
		};
		4586713F265A8DBD00FDA592 /* Resources */ = {
			isa = PBXResourcesBuildPhase;
			buildActionMask = 2147483647;
			files = (
			);
			runOnlyForDeploymentPostprocessing = 0;
		};
		4586714A265A8DBD00FDA592 /* Resources */ = {
			isa = PBXResourcesBuildPhase;
			buildActionMask = 2147483647;
			files = (
			);
			runOnlyForDeploymentPostprocessing = 0;
		};
/* End PBXResourcesBuildPhase section */

/* Begin PBXShellScriptBuildPhase section */
		4570FB0F26ED968800401D67 /* Run Script swiftFormat */ = {
			isa = PBXShellScriptBuildPhase;
			buildActionMask = 2147483647;
			files = (
			);
			inputFileListPaths = (
			);
			inputPaths = (
			);
			name = "Run Script swiftFormat";
			outputFileListPaths = (
			);
			outputPaths = (
			);
			runOnlyForDeploymentPostprocessing = 0;
			shellPath = /bin/sh;
			shellScript = "\"${PODS_ROOT}/SwiftFormat/CommandLineTool/swiftformat\" \"$SRCROOT\"\n";
		};
		45ECD2E02695ABB800F75B26 /* Run Script swiftLint */ = {
			isa = PBXShellScriptBuildPhase;
			buildActionMask = 2147483647;
			files = (
			);
			inputFileListPaths = (
			);
			inputPaths = (
			);
			name = "Run Script swiftLint";
			outputFileListPaths = (
			);
			outputPaths = (
			);
			runOnlyForDeploymentPostprocessing = 0;
			shellPath = /bin/sh;
			shellScript = "if which swiftlint >/dev/null; then\n  swiftlint\nelse\n  \"${PODS_ROOT}/SwiftLint/swiftlint\"\n  echo \"warning: SwiftLint not installed, download from https://github.com/realm/SwiftLint\"\nfi\n";
		};
		45ECD2E92696D07200F75B26 /* Run Script swiftGen */ = {
			isa = PBXShellScriptBuildPhase;
			buildActionMask = 2147483647;
			files = (
			);
			inputFileListPaths = (
			);
			inputPaths = (
			);
			name = "Run Script swiftGen";
			outputFileListPaths = (
			);
			outputPaths = (
			);
			runOnlyForDeploymentPostprocessing = 0;
			shellPath = /bin/sh;
			shellScript = "if [[ -f \"${PODS_ROOT}/SwiftGen/bin/swiftgen\" ]]; then\n  \"${PODS_ROOT}/SwiftGen/bin/swiftgen\"\nelse\n  echo \"warning: SwiftGen is not installed. Run 'pod install --repo-update' to install it.\"\nfi\n";
		};
		45ECD33C2697F77100F75B26 /* Run Script configures */ = {
			isa = PBXShellScriptBuildPhase;
			buildActionMask = 2147483647;
			files = (
			);
			inputFileListPaths = (
			);
			inputPaths = (
			);
			name = "Run Script configures";
			outputFileListPaths = (
			);
			outputPaths = (
			);
			runOnlyForDeploymentPostprocessing = 0;
			shellPath = /bin/sh;
			shellScript = "echo \"CONFIGURATION -> ${CONFIGURATION}\"\nRESOURCE_PATH=${SRCROOT}/${PRODUCT_NAME}/Configures/${CONFIGURATION}\n\nBUILD_APP_DIR=${BUILT_PRODUCTS_DIR}/${PRODUCT_NAME}.app\n\necho \"Copying all files under ${RESOURCE_PATH} to ${BUILD_APP_DIR}\"\ncp -v \"${RESOURCE_PATH}/\"* \"${BUILD_APP_DIR}/\"\n";
		};
		7026097BFECB218500F2D79B /* [CP] Embed Pods Frameworks */ = {
			isa = PBXShellScriptBuildPhase;
			buildActionMask = 2147483647;
			files = (
			);
			inputFileListPaths = (
				"${PODS_ROOT}/Target Support Files/Pods-AISwiftDemo/Pods-AISwiftDemo-frameworks-${CONFIGURATION}-input-files.xcfilelist",
			);
			name = "[CP] Embed Pods Frameworks";
			outputFileListPaths = (
				"${PODS_ROOT}/Target Support Files/Pods-AISwiftDemo/Pods-AISwiftDemo-frameworks-${CONFIGURATION}-output-files.xcfilelist",
			);
			runOnlyForDeploymentPostprocessing = 0;
			shellPath = /bin/sh;
			shellScript = "\"${PODS_ROOT}/Target Support Files/Pods-AISwiftDemo/Pods-AISwiftDemo-frameworks.sh\"\n";
			showEnvVarsInLog = 0;
		};
		EB36B793B276B6989316884B /* [CP] Check Pods Manifest.lock */ = {
			isa = PBXShellScriptBuildPhase;
			buildActionMask = 2147483647;
			files = (
			);
			inputFileListPaths = (
			);
			inputPaths = (
				"${PODS_PODFILE_DIR_PATH}/Podfile.lock",
				"${PODS_ROOT}/Manifest.lock",
			);
			name = "[CP] Check Pods Manifest.lock";
			outputFileListPaths = (
			);
			outputPaths = (
				"$(DERIVED_FILE_DIR)/Pods-AISwiftDemo-checkManifestLockResult.txt",
			);
			runOnlyForDeploymentPostprocessing = 0;
			shellPath = /bin/sh;
			shellScript = "diff \"${PODS_PODFILE_DIR_PATH}/Podfile.lock\" \"${PODS_ROOT}/Manifest.lock\" > /dev/null\nif [ $? != 0 ] ; then\n    # print error to STDERR\n    echo \"error: The sandbox is not in sync with the Podfile.lock. Run 'pod install' or update your CocoaPods installation.\" >&2\n    exit 1\nfi\n# This output is used by Xcode 'outputs' to avoid re-running this script phase.\necho \"SUCCESS\" > \"${SCRIPT_OUTPUT_FILE_0}\"\n";
			showEnvVarsInLog = 0;
		};
/* End PBXShellScriptBuildPhase section */

/* Begin PBXSourcesBuildPhase section */
		45867127265A8DBC00FDA592 /* Sources */ = {
			isa = PBXSourcesBuildPhase;
			buildActionMask = 2147483647;
			files = (
				45D425DD26CD004A00FAA2F8 /* MainPresenterProtocol.swift in Sources */,
				451022B626DCAD610046F24D /* DebugRouter.swift in Sources */,
				45ECD3472698257A00F75B26 /* MainViewController.swift in Sources */,
				451022B926DCAE630046F24D /* ViewControllerEnum.swift in Sources */,
				45F57EDD26B3955900D926E0 /* Strings.swift in Sources */,
				451022B326DCAD610046F24D /* DebugLogFileListViewController.swift in Sources */,
				45C712BD26DCD58E001DA687 /* DebugInteractorType.swift in Sources */,
				4586712F265A8DBC00FDA592 /* AppDelegate.swift in Sources */,
				451022B726DCAD610046F24D /* DebugEnum.swift in Sources */,
				45ECD34F26982B4700F75B26 /* MyProfileViewEnum.swift in Sources */,
				45ECD34D269826AF00F75B26 /* MyProfileBaseViewController.swift in Sources */,
				451022B026DCAD610046F24D /* AIDebugLog.swift in Sources */,
				45D425DB26CD002400FAA2F8 /* MainPresenter.swift in Sources */,
				45F57EF726B39D2F00D926E0 /* HomeBaseViewController.swift in Sources */,
				451022AF26DCAD610046F24D /* DebugPresenterProtocol.swift in Sources */,
				451022AD26DCAD610046F24D /* AICompatible.swift in Sources */,
				45ECD35126982BD300F75B26 /* MainFlowViewEnum.swift in Sources */,
				45ECD3392697F2F900F75B26 /* ConfigureModel.swift in Sources */,
				45ECD34B2698263E00F75B26 /* MyProfileViewController.swift in Sources */,
				451022B426DCAD610046F24D /* DebugViewController.swift in Sources */,
				451022B526DCAD610046F24D /* DebugViewType.swift in Sources */,
				45C712BB26DCC98C001DA687 /* DebugInteractor.swift in Sources */,
				45F57EDA26B391B800D926E0 /* Assets.swift in Sources */,
				45ECD34326981E3E00F75B26 /* MainRouter.swift in Sources */,
				451022AE26DCAD610046F24D /* DebugPresenter.swift in Sources */,
				451022B226DCAD610046F24D /* DebugLocalFileViewController.swift in Sources */,
				45F57EF526B39CFF00D926E0 /* HomeViewController.swift in Sources */,
			);
			runOnlyForDeploymentPostprocessing = 0;
		};
		4586713D265A8DBD00FDA592 /* Sources */ = {
			isa = PBXSourcesBuildPhase;
			buildActionMask = 2147483647;
			files = (
				45ECD33A2697F2F900F75B26 /* ConfigureModel.swift in Sources */,
				45867146265A8DBD00FDA592 /* AISwiftDemoTests.swift in Sources */,
			);
			runOnlyForDeploymentPostprocessing = 0;
		};
		45867148265A8DBD00FDA592 /* Sources */ = {
			isa = PBXSourcesBuildPhase;
			buildActionMask = 2147483647;
			files = (
				45ECD33B2697F2F900F75B26 /* ConfigureModel.swift in Sources */,
				45867151265A8DBD00FDA592 /* AISwiftDemoUITests.swift in Sources */,
			);
			runOnlyForDeploymentPostprocessing = 0;
		};
/* End PBXSourcesBuildPhase section */

/* Begin PBXTargetDependency section */
		45867143265A8DBD00FDA592 /* PBXTargetDependency */ = {
			isa = PBXTargetDependency;
			target = 4586712A265A8DBC00FDA592 /* AISwiftDemo */;
			targetProxy = 45867142265A8DBD00FDA592 /* PBXContainerItemProxy */;
		};
		4586714E265A8DBD00FDA592 /* PBXTargetDependency */ = {
			isa = PBXTargetDependency;
			target = 4586712A265A8DBC00FDA592 /* AISwiftDemo */;
			targetProxy = 4586714D265A8DBD00FDA592 /* PBXContainerItemProxy */;
		};
/* End PBXTargetDependency section */

/* Begin PBXVariantGroup section */
		45867134265A8DBC00FDA592 /* Main.storyboard */ = {
			isa = PBXVariantGroup;
			children = (
				45867135265A8DBC00FDA592 /* Base */,
				45ECD2E12696A75100F75B26 /* zh-Hans */,
			);
			name = Main.storyboard;
			sourceTree = "<group>";
		};
		45867139265A8DBD00FDA592 /* LaunchScreen.storyboard */ = {
			isa = PBXVariantGroup;
			children = (
				4586713A265A8DBD00FDA592 /* Base */,
				45ECD2E22696A75100F75B26 /* zh-Hans */,
			);
			name = LaunchScreen.storyboard;
			sourceTree = "<group>";
		};
		45ECD2E72696CCED00F75B26 /* Localizable.strings */ = {
			isa = PBXVariantGroup;
			children = (
				45ECD2E62696CCED00F75B26 /* en */,
				45ECD2E82696CD1E00F75B26 /* zh-Hans */,
			);
			name = Localizable.strings;
			sourceTree = "<group>";
		};
/* End PBXVariantGroup section */

/* Begin XCBuildConfiguration section */
		45867153265A8DBD00FDA592 /* Debug */ = {
			isa = XCBuildConfiguration;
			buildSettings = {
				ALWAYS_SEARCH_USER_PATHS = NO;
				CLANG_ANALYZER_LOCALIZABILITY_NONLOCALIZED = YES;
				CLANG_ANALYZER_NONNULL = YES;
				CLANG_ANALYZER_NUMBER_OBJECT_CONVERSION = YES_AGGRESSIVE;
				CLANG_CXX_LANGUAGE_STANDARD = "gnu++14";
				CLANG_CXX_LIBRARY = "libc++";
				CLANG_ENABLE_MODULES = YES;
				CLANG_ENABLE_OBJC_ARC = YES;
				CLANG_ENABLE_OBJC_WEAK = YES;
				CLANG_WARN_BLOCK_CAPTURE_AUTORELEASING = YES;
				CLANG_WARN_BOOL_CONVERSION = YES;
				CLANG_WARN_COMMA = YES;
				CLANG_WARN_CONSTANT_CONVERSION = YES;
				CLANG_WARN_DEPRECATED_OBJC_IMPLEMENTATIONS = YES;
				CLANG_WARN_DIRECT_OBJC_ISA_USAGE = YES_ERROR;
				CLANG_WARN_DOCUMENTATION_COMMENTS = YES;
				CLANG_WARN_EMPTY_BODY = YES;
				CLANG_WARN_ENUM_CONVERSION = YES;
				CLANG_WARN_INFINITE_RECURSION = YES;
				CLANG_WARN_INT_CONVERSION = YES;
				CLANG_WARN_NON_LITERAL_NULL_CONVERSION = YES;
				CLANG_WARN_OBJC_IMPLICIT_RETAIN_SELF = YES;
				CLANG_WARN_OBJC_LITERAL_CONVERSION = YES;
				CLANG_WARN_OBJC_ROOT_CLASS = YES_ERROR;
				CLANG_WARN_QUOTED_INCLUDE_IN_FRAMEWORK_HEADER = YES;
				CLANG_WARN_RANGE_LOOP_ANALYSIS = YES;
				CLANG_WARN_STRICT_PROTOTYPES = YES;
				CLANG_WARN_SUSPICIOUS_MOVE = YES;
				CLANG_WARN_UNGUARDED_AVAILABILITY = YES_AGGRESSIVE;
				CLANG_WARN_UNREACHABLE_CODE = YES;
				CLANG_WARN__DUPLICATE_METHOD_MATCH = YES;
				COPY_PHASE_STRIP = NO;
				DEBUG_INFORMATION_FORMAT = dwarf;
				ENABLE_STRICT_OBJC_MSGSEND = YES;
				ENABLE_TESTABILITY = YES;
				GCC_C_LANGUAGE_STANDARD = gnu11;
				GCC_DYNAMIC_NO_PIC = NO;
				GCC_NO_COMMON_BLOCKS = YES;
				GCC_OPTIMIZATION_LEVEL = 0;
				GCC_PREPROCESSOR_DEFINITIONS = (
					"DEBUG=1",
					"$(inherited)",
				);
				GCC_WARN_64_TO_32_BIT_CONVERSION = YES;
				GCC_WARN_ABOUT_RETURN_TYPE = YES_ERROR;
				GCC_WARN_UNDECLARED_SELECTOR = YES;
				GCC_WARN_UNINITIALIZED_AUTOS = YES_AGGRESSIVE;
				GCC_WARN_UNUSED_FUNCTION = YES;
				GCC_WARN_UNUSED_VARIABLE = YES;
				IPHONEOS_DEPLOYMENT_TARGET = 14.5;
				MTL_ENABLE_DEBUG_INFO = INCLUDE_SOURCE;
				MTL_FAST_MATH = YES;
				ONLY_ACTIVE_ARCH = YES;
				SDKROOT = iphoneos;
				SWIFT_ACTIVE_COMPILATION_CONDITIONS = DEBUG;
				SWIFT_OPTIMIZATION_LEVEL = "-Onone";
			};
			name = Debug;
		};
		45867154265A8DBD00FDA592 /* Release */ = {
			isa = XCBuildConfiguration;
			buildSettings = {
				ALWAYS_SEARCH_USER_PATHS = NO;
				CLANG_ANALYZER_LOCALIZABILITY_NONLOCALIZED = YES;
				CLANG_ANALYZER_NONNULL = YES;
				CLANG_ANALYZER_NUMBER_OBJECT_CONVERSION = YES_AGGRESSIVE;
				CLANG_CXX_LANGUAGE_STANDARD = "gnu++14";
				CLANG_CXX_LIBRARY = "libc++";
				CLANG_ENABLE_MODULES = YES;
				CLANG_ENABLE_OBJC_ARC = YES;
				CLANG_ENABLE_OBJC_WEAK = YES;
				CLANG_WARN_BLOCK_CAPTURE_AUTORELEASING = YES;
				CLANG_WARN_BOOL_CONVERSION = YES;
				CLANG_WARN_COMMA = YES;
				CLANG_WARN_CONSTANT_CONVERSION = YES;
				CLANG_WARN_DEPRECATED_OBJC_IMPLEMENTATIONS = YES;
				CLANG_WARN_DIRECT_OBJC_ISA_USAGE = YES_ERROR;
				CLANG_WARN_DOCUMENTATION_COMMENTS = YES;
				CLANG_WARN_EMPTY_BODY = YES;
				CLANG_WARN_ENUM_CONVERSION = YES;
				CLANG_WARN_INFINITE_RECURSION = YES;
				CLANG_WARN_INT_CONVERSION = YES;
				CLANG_WARN_NON_LITERAL_NULL_CONVERSION = YES;
				CLANG_WARN_OBJC_IMPLICIT_RETAIN_SELF = YES;
				CLANG_WARN_OBJC_LITERAL_CONVERSION = YES;
				CLANG_WARN_OBJC_ROOT_CLASS = YES_ERROR;
				CLANG_WARN_QUOTED_INCLUDE_IN_FRAMEWORK_HEADER = YES;
				CLANG_WARN_RANGE_LOOP_ANALYSIS = YES;
				CLANG_WARN_STRICT_PROTOTYPES = YES;
				CLANG_WARN_SUSPICIOUS_MOVE = YES;
				CLANG_WARN_UNGUARDED_AVAILABILITY = YES_AGGRESSIVE;
				CLANG_WARN_UNREACHABLE_CODE = YES;
				CLANG_WARN__DUPLICATE_METHOD_MATCH = YES;
				COPY_PHASE_STRIP = NO;
				DEBUG_INFORMATION_FORMAT = "dwarf-with-dsym";
				ENABLE_NS_ASSERTIONS = NO;
				ENABLE_STRICT_OBJC_MSGSEND = YES;
				GCC_C_LANGUAGE_STANDARD = gnu11;
				GCC_NO_COMMON_BLOCKS = YES;
				GCC_WARN_64_TO_32_BIT_CONVERSION = YES;
				GCC_WARN_ABOUT_RETURN_TYPE = YES_ERROR;
				GCC_WARN_UNDECLARED_SELECTOR = YES;
				GCC_WARN_UNINITIALIZED_AUTOS = YES_AGGRESSIVE;
				GCC_WARN_UNUSED_FUNCTION = YES;
				GCC_WARN_UNUSED_VARIABLE = YES;
				IPHONEOS_DEPLOYMENT_TARGET = 14.5;
				MTL_ENABLE_DEBUG_INFO = NO;
				MTL_FAST_MATH = YES;
				SDKROOT = iphoneos;
				SWIFT_COMPILATION_MODE = wholemodule;
				SWIFT_OPTIMIZATION_LEVEL = "-O";
				VALIDATE_PRODUCT = YES;
			};
			name = Release;
		};
		45867156265A8DBD00FDA592 /* Debug */ = {
			isa = XCBuildConfiguration;
			baseConfigurationReference = BE9DE93B07C00C7A90CB63BD /* Pods-AISwiftDemo.debug.xcconfig */;
			buildSettings = {
				ASSETCATALOG_COMPILER_APPICON_NAME = AppIcon;
				ASSETCATALOG_COMPILER_GLOBAL_ACCENT_COLOR_NAME = AccentColor;
				CODE_SIGN_STYLE = Automatic;
				CustomBuildleID = aiswiftdemo.AISwiftDemo_debug;
				CustomProductName = AISwiftDemo_debug;
				INFOPLIST_FILE = AISwiftDemo/Info.plist;
				LD_RUNPATH_SEARCH_PATHS = (
					"$(inherited)",
					"@executable_path/Frameworks",
				);
				PRODUCT_BUNDLE_IDENTIFIER = "";
				PRODUCT_NAME = "$(TARGET_NAME)";
				SWIFT_VERSION = 5.0;
				TARGETED_DEVICE_FAMILY = "1,2";
			};
			name = Debug;
		};
		45867157265A8DBD00FDA592 /* Release */ = {
			isa = XCBuildConfiguration;
			baseConfigurationReference = F416205A6B526F49E72EA5A8 /* Pods-AISwiftDemo.release.xcconfig */;
			buildSettings = {
				ASSETCATALOG_COMPILER_APPICON_NAME = AppIcon;
				ASSETCATALOG_COMPILER_GLOBAL_ACCENT_COLOR_NAME = AccentColor;
				CODE_SIGN_STYLE = Automatic;
				CustomBuildleID = aiswiftdemo.AISwiftDemo_release;
				CustomProductName = AISwiftDemo_release;
				INFOPLIST_FILE = AISwiftDemo/Info.plist;
				LD_RUNPATH_SEARCH_PATHS = (
					"$(inherited)",
					"@executable_path/Frameworks",
				);
				PRODUCT_BUNDLE_IDENTIFIER = "";
				PRODUCT_NAME = "$(TARGET_NAME)";
				SWIFT_VERSION = 5.0;
				TARGETED_DEVICE_FAMILY = "1,2";
			};
			name = Release;
		};
		45867159265A8DBD00FDA592 /* Debug */ = {
			isa = XCBuildConfiguration;
			buildSettings = {
				ALWAYS_EMBED_SWIFT_STANDARD_LIBRARIES = YES;
				BUNDLE_LOADER = "$(TEST_HOST)";
				CODE_SIGN_STYLE = Automatic;
				INFOPLIST_FILE = AISwiftDemoTests/Info.plist;
				IPHONEOS_DEPLOYMENT_TARGET = 14.5;
				LD_RUNPATH_SEARCH_PATHS = (
					"$(inherited)",
					"@executable_path/Frameworks",
					"@loader_path/Frameworks",
				);
				PRODUCT_BUNDLE_IDENTIFIER = aiswiftdemo.AISwiftDemoTests;
				PRODUCT_NAME = "$(TARGET_NAME)";
				SWIFT_VERSION = 5.0;
				TARGETED_DEVICE_FAMILY = "1,2";
				TEST_HOST = "$(BUILT_PRODUCTS_DIR)/AISwiftDemo.app/AISwiftDemo";
			};
			name = Debug;
		};
		4586715A265A8DBD00FDA592 /* Release */ = {
			isa = XCBuildConfiguration;
			buildSettings = {
				ALWAYS_EMBED_SWIFT_STANDARD_LIBRARIES = YES;
				BUNDLE_LOADER = "$(TEST_HOST)";
				CODE_SIGN_STYLE = Automatic;
				INFOPLIST_FILE = AISwiftDemoTests/Info.plist;
				IPHONEOS_DEPLOYMENT_TARGET = 14.5;
				LD_RUNPATH_SEARCH_PATHS = (
					"$(inherited)",
					"@executable_path/Frameworks",
					"@loader_path/Frameworks",
				);
				PRODUCT_BUNDLE_IDENTIFIER = aiswiftdemo.AISwiftDemoTests;
				PRODUCT_NAME = "$(TARGET_NAME)";
				SWIFT_VERSION = 5.0;
				TARGETED_DEVICE_FAMILY = "1,2";
				TEST_HOST = "$(BUILT_PRODUCTS_DIR)/AISwiftDemo.app/AISwiftDemo";
			};
			name = Release;
		};
		4586715C265A8DBD00FDA592 /* Debug */ = {
			isa = XCBuildConfiguration;
			buildSettings = {
				ALWAYS_EMBED_SWIFT_STANDARD_LIBRARIES = YES;
				CODE_SIGN_STYLE = Automatic;
				INFOPLIST_FILE = AISwiftDemoUITests/Info.plist;
				LD_RUNPATH_SEARCH_PATHS = (
					"$(inherited)",
					"@executable_path/Frameworks",
					"@loader_path/Frameworks",
				);
				PRODUCT_BUNDLE_IDENTIFIER = aiswiftdemo.AISwiftDemoUITests;
				PRODUCT_NAME = "$(TARGET_NAME)";
				SWIFT_VERSION = 5.0;
				TARGETED_DEVICE_FAMILY = "1,2";
				TEST_TARGET_NAME = AISwiftDemo;
			};
			name = Debug;
		};
		4586715D265A8DBD00FDA592 /* Release */ = {
			isa = XCBuildConfiguration;
			buildSettings = {
				ALWAYS_EMBED_SWIFT_STANDARD_LIBRARIES = YES;
				CODE_SIGN_STYLE = Automatic;
				INFOPLIST_FILE = AISwiftDemoUITests/Info.plist;
				LD_RUNPATH_SEARCH_PATHS = (
					"$(inherited)",
					"@executable_path/Frameworks",
					"@loader_path/Frameworks",
				);
				PRODUCT_BUNDLE_IDENTIFIER = aiswiftdemo.AISwiftDemoUITests;
				PRODUCT_NAME = "$(TARGET_NAME)";
				SWIFT_VERSION = 5.0;
				TARGETED_DEVICE_FAMILY = "1,2";
				TEST_TARGET_NAME = AISwiftDemo;
			};
			name = Release;
		};
/* End XCBuildConfiguration section */

/* Begin XCConfigurationList section */
		45867126265A8DBC00FDA592 /* Build configuration list for PBXProject "AISwiftDemo" */ = {
			isa = XCConfigurationList;
			buildConfigurations = (
				45867153265A8DBD00FDA592 /* Debug */,
				45867154265A8DBD00FDA592 /* Release */,
			);
			defaultConfigurationIsVisible = 0;
			defaultConfigurationName = Release;
		};
		45867155265A8DBD00FDA592 /* Build configuration list for PBXNativeTarget "AISwiftDemo" */ = {
			isa = XCConfigurationList;
			buildConfigurations = (
				45867156265A8DBD00FDA592 /* Debug */,
				45867157265A8DBD00FDA592 /* Release */,
			);
			defaultConfigurationIsVisible = 0;
			defaultConfigurationName = Release;
		};
		45867158265A8DBD00FDA592 /* Build configuration list for PBXNativeTarget "AISwiftDemoTests" */ = {
			isa = XCConfigurationList;
			buildConfigurations = (
				45867159265A8DBD00FDA592 /* Debug */,
				4586715A265A8DBD00FDA592 /* Release */,
			);
			defaultConfigurationIsVisible = 0;
			defaultConfigurationName = Release;
		};
		4586715B265A8DBD00FDA592 /* Build configuration list for PBXNativeTarget "AISwiftDemoUITests" */ = {
			isa = XCConfigurationList;
			buildConfigurations = (
				4586715C265A8DBD00FDA592 /* Debug */,
				4586715D265A8DBD00FDA592 /* Release */,
			);
			defaultConfigurationIsVisible = 0;
			defaultConfigurationName = Release;
		};
/* End XCConfigurationList section */
	};
	rootObject = 45867123265A8DBC00FDA592 /* Project object */;
}
